
Microsoft Visual Studio Solution File, Format Version 12.00
# Visual Studio Version 17
VisualStudioVersion = 17.7.34009.444
MinimumVisualStudioVersion = 10.0.40219.1
Project("{888888A0-9F3D-457C-B088-3A5042F75D52}") = "PythonApplication28", "PythonApplication28\PythonApplication28.pyproj", "{11CCEECA-7FB2-4F77-A1E5-2D2042D08157}"
EndProject
Global
	GlobalSection(SolutionConfigurationPlatforms) = preSolution
		Debug|Any CPU = Debug|Any CPU
		Release|Any CPU = Release|Any CPU
	EndGlobalSection
	GlobalSection(ProjectConfigurationPlatforms) = postSolution
		{11CCEECA-7FB2-4F77-A1E5-2D2042D08157}.Debug|Any CPU.ActiveCfg = Debug|Any CPU
		{11CCEECA-7FB2-4F77-A1E5-2D2042D08157}.Release|Any CPU.ActiveCfg = Release|Any CPU
	EndGlobalSection
	GlobalSection(SolutionProperties) = preSolution
		HideSolutionNode = FALSE
	EndGlobalSection
	GlobalSection(ExtensibilityGlobals) = postSolution
		SolutionGuid = {AD0437A2-A6D7-49F7-BB25-9BC7CF852FA2}
	EndGlobalSection
EndGlobal
